
Microsoft Visual Studio Solution File, Format Version 12.00
# Visual Studio Version 17
VisualStudioVersion = 17.6.33723.286
MinimumVisualStudioVersion = 10.0.40219.1
Project("{FAE04EC0-301F-11D3-BF4B-00C04F79EFBC}") = "manejo-presupuestos", "manejo-presupuestos\manejo-presupuestos.csproj", "{D8344EC5-016F-4B45-85C2-47D0B05F68E1}"
EndProject
Global
	GlobalSection(SolutionConfigurationPlatforms) = preSolution
		Debug|Any CPU = Debug|Any CPU
		Release|Any CPU = Release|Any CPU
	EndGlobalSection
	GlobalSection(ProjectConfigurationPlatforms) = postSolution
		{D8344EC5-016F-4B45-85C2-47D0B05F68E1}.Debug|Any CPU.ActiveCfg = Debug|Any CPU
		{D8344EC5-016F-4B45-85C2-47D0B05F68E1}.Debug|Any CPU.Build.0 = Debug|Any CPU
		{D8344EC5-016F-4B45-85C2-47D0B05F68E1}.Release|Any CPU.ActiveCfg = Release|Any CPU
		{D8344EC5-016F-4B45-85C2-47D0B05F68E1}.Release|Any CPU.Build.0 = Release|Any CPU
	EndGlobalSection
	GlobalSection(SolutionProperties) = preSolution
		HideSolutionNode = FALSE
	EndGlobalSection
	GlobalSection(ExtensibilityGlobals) = postSolution
		SolutionGuid = {CAEB702E-33A8-4722-9999-1B06ABC3DC9E}
	EndGlobalSection
EndGlobal
